// !$*UTF8*$!
{
	archiveVersion = 1;
	classes = {
	};
	objectVersion = 46;
	objects = {

/* Begin PBXBuildFile section */
		780B39FF1F48AB2600466CFD /* Affermations+CoreDataClass.swift in Sources */ = {isa = PBXBuildFile; fileRef = 780B39FD1F48AB2600466CFD /* Affermations+CoreDataClass.swift */; };
		786F75731F47C272000662BC /* RecordSoundsViewController.swift in Sources */ = {isa = PBXBuildFile; fileRef = 786F75721F47C272000662BC /* RecordSoundsViewController.swift */; };
		7878FB391F41EC9100B04E3C /* AppDelegate.swift in Sources */ = {isa = PBXBuildFile; fileRef = 7878FB381F41EC9100B04E3C /* AppDelegate.swift */; };
		7878FB3B1F41EC9100B04E3C /* ViewController.swift in Sources */ = {isa = PBXBuildFile; fileRef = 7878FB3A1F41EC9100B04E3C /* ViewController.swift */; };
		7878FB3E1F41EC9100B04E3C /* Main.storyboard in Resources */ = {isa = PBXBuildFile; fileRef = 7878FB3C1F41EC9100B04E3C /* Main.storyboard */; };
		7878FB411F41EC9100B04E3C /* MyAffirmations.xcdatamodeld in Sources */ = {isa = PBXBuildFile; fileRef = 7878FB3F1F41EC9100B04E3C /* MyAffirmations.xcdatamodeld */; };
		7878FB431F41EC9100B04E3C /* Assets.xcassets in Resources */ = {isa = PBXBuildFile; fileRef = 7878FB421F41EC9100B04E3C /* Assets.xcassets */; };
		7878FB461F41EC9100B04E3C /* LaunchScreen.storyboard in Resources */ = {isa = PBXBuildFile; fileRef = 7878FB441F41EC9100B04E3C /* LaunchScreen.storyboard */; };
/* End PBXBuildFile section */

/* Begin PBXFileReference section */
		780B39FD1F48AB2600466CFD /* Affermations+CoreDataClass.swift */ = {isa = PBXFileReference; fileEncoding = 4; lastKnownFileType = sourcecode.swift; path = "Affermations+CoreDataClass.swift"; sourceTree = "<group>"; };
		786F75721F47C272000662BC /* RecordSoundsViewController.swift */ = {isa = PBXFileReference; fileEncoding = 4; lastKnownFileType = sourcecode.swift; path = RecordSoundsViewController.swift; sourceTree = "<group>"; };
		7878FB351F41EC9100B04E3C /* MyAffirmations.app */ = {isa = PBXFileReference; explicitFileType = wrapper.application; includeInIndex = 0; path = MyAffirmations.app; sourceTree = BUILT_PRODUCTS_DIR; };
		7878FB381F41EC9100B04E3C /* AppDelegate.swift */ = {isa = PBXFileReference; lastKnownFileType = sourcecode.swift; path = AppDelegate.swift; sourceTree = "<group>"; };
		7878FB3A1F41EC9100B04E3C /* ViewController.swift */ = {isa = PBXFileReference; lastKnownFileType = sourcecode.swift; path = ViewController.swift; sourceTree = "<group>"; };
		7878FB3D1F41EC9100B04E3C /* Base */ = {isa = PBXFileReference; lastKnownFileType = file.storyboard; name = Base; path = Base.lproj/Main.storyboard; sourceTree = "<group>"; };
		7878FB401F41EC9100B04E3C /* MyAffirmations.xcdatamodel */ = {isa = PBXFileReference; lastKnownFileType = wrapper.xcdatamodel; path = MyAffirmations.xcdatamodel; sourceTree = "<group>"; };
		7878FB421F41EC9100B04E3C /* Assets.xcassets */ = {isa = PBXFileReference; lastKnownFileType = folder.assetcatalog; path = Assets.xcassets; sourceTree = "<group>"; };
		7878FB451F41EC9100B04E3C /* Base */ = {isa = PBXFileReference; lastKnownFileType = file.storyboard; name = Base; path = Base.lproj/LaunchScreen.storyboard; sourceTree = "<group>"; };
		7878FB471F41EC9100B04E3C /* Info.plist */ = {isa = PBXFileReference; lastKnownFileType = text.plist.xml; path = Info.plist; sourceTree = "<group>"; };
/* End PBXFileReference section */

/* Begin PBXFrameworksBuildPhase section */
		7878FB321F41EC9100B04E3C /* Frameworks */ = {
			isa = PBXFrameworksBuildPhase;
			buildActionMask = 2147483647;
			files = (
			);
			runOnlyForDeploymentPostprocessing = 0;
		};
/* End PBXFrameworksBuildPhase section */

/* Begin PBXGroup section */
		7878FB2C1F41EC9100B04E3C = {
			isa = PBXGroup;
			children = (
				7878FB371F41EC9100B04E3C /* MyAffirmations */,
				7878FB361F41EC9100B04E3C /* Products */,
			);
			sourceTree = "<group>";
		};
		7878FB361F41EC9100B04E3C /* Products */ = {
			isa = PBXGroup;
			children = (
				7878FB351F41EC9100B04E3C /* MyAffirmations.app */,
			);
			name = Products;
			sourceTree = "<group>";
		};
		7878FB371F41EC9100B04E3C /* MyAffirmations */ = {
			isa = PBXGroup;
			children = (
				780B39FD1F48AB2600466CFD /* Affermations+CoreDataClass.swift */,
				786F75721F47C272000662BC /* RecordSoundsViewController.swift */,
				7878FB381F41EC9100B04E3C /* AppDelegate.swift */,
				7878FB3A1F41EC9100B04E3C /* ViewController.swift */,
				7878FB3C1F41EC9100B04E3C /* Main.storyboard */,
				7878FB421F41EC9100B04E3C /* Assets.xcassets */,
				7878FB441F41EC9100B04E3C /* LaunchScreen.storyboard */,
				7878FB471F41EC9100B04E3C /* Info.plist */,
				7878FB3F1F41EC9100B04E3C /* MyAffirmations.xcdatamodeld */,
			);
			path = MyAffirmations;
			sourceTree = "<group>";
		};
/* End PBXGroup section */

/* Begin PBXNativeTarget section */
		7878FB341F41EC9100B04E3C /* MyAffirmations */ = {
			isa = PBXNativeTarget;
			buildConfigurationList = 7878FB4A1F41EC9100B04E3C /* Build configuration list for PBXNativeTarget "MyAffirmations" */;
			buildPhases = (
				7878FB311F41EC9100B04E3C /* Sources */,
				7878FB321F41EC9100B04E3C /* Frameworks */,
				7878FB331F41EC9100B04E3C /* Resources */,
			);
			buildRules = (
			);
			dependencies = (
			);
			name = MyAffirmations;
			productName = MyAffirmations;
			productReference = 7878FB351F41EC9100B04E3C /* MyAffirmations.app */;
			productType = "com.apple.product-type.application";
		};
/* End PBXNativeTarget section */

/* Begin PBXProject section */
		7878FB2D1F41EC9100B04E3C /* Project object */ = {
			isa = PBXProject;
			attributes = {
				LastSwiftUpdateCheck = 0830;
				LastUpgradeCheck = 0830;
				ORGANIZATIONNAME = "Raxit Cholera";
				TargetAttributes = {
					7878FB341F41EC9100B04E3C = {
						CreatedOnToolsVersion = 8.3.3;
						DevelopmentTeam = R6BV4J7KB9;
						ProvisioningStyle = Automatic;
					};
				};
			};
			buildConfigurationList = 7878FB301F41EC9100B04E3C /* Build configuration list for PBXProject "MyAffirmations" */;
			compatibilityVersion = "Xcode 3.2";
			developmentRegion = English;
			hasScannedForEncodings = 0;
			knownRegions = (
				en,
				Base,
			);
			mainGroup = 7878FB2C1F41EC9100B04E3C;
			productRefGroup = 7878FB361F41EC9100B04E3C /* Products */;
			projectDirPath = "";
			projectRoot = "";
			targets = (
				7878FB341F41EC9100B04E3C /* MyAffirmations */,
			);
		};
/* End PBXProject section */

/* Begin PBXResourcesBuildPhase section */
		7878FB331F41EC9100B04E3C /* Resources */ = {
			isa = PBXResourcesBuildPhase;
			buildActionMask = 2147483647;
			files = (
				7878FB461F41EC9100B04E3C /* LaunchScreen.storyboard in Resources */,
				7878FB431F41EC9100B04E3C /* Assets.xcassets in Resources */,
				7878FB3E1F41EC9100B04E3C /* Main.storyboard in Resources */,
			);
			runOnlyForDeploymentPostprocessing = 0;
		};
/* End PBXResourcesBuildPhase section */

/* Begin PBXSourcesBuildPhase section */
		7878FB311F41EC9100B04E3C /* Sources */ = {
			isa = PBXSourcesBuildPhase;
			buildActionMask = 2147483647;
			files = (
				7878FB411F41EC9100B04E3C /* MyAffirmations.xcdatamodeld in Sources */,
				7878FB3B1F41EC9100B04E3C /* ViewController.swift in Sources */,
				786F75731F47C272000662BC /* RecordSoundsViewController.swift in Sources */,
				7878FB391F41EC9100B04E3C /* AppDelegate.swift in Sources */,
				780B39FF1F48AB2600466CFD /* Affermations+CoreDataClass.swift in Sources */,
			);
			runOnlyForDeploymentPostprocessing = 0;
		};
/* End PBXSourcesBuildPhase section */

/* Begin PBXVariantGroup section */
		7878FB3C1F41EC9100B04E3C /* Main.storyboard */ = {
			isa = PBXVariantGroup;
			children = (
				7878FB3D1F41EC9100B04E3C /* Base */,
			);
			name = Main.storyboard;
			sourceTree = "<group>";
		};
		7878FB441F41EC9100B04E3C /* LaunchScreen.storyboard */ = {
			isa = PBXVariantGroup;
			children = (
				7878FB451F41EC9100B04E3C /* Base */,
			);
			name = LaunchScreen.storyboard;
			sourceTree = "<group>";
		};
/* End PBXVariantGroup section */

/* Begin XCBuildConfiguration section */
		7878FB481F41EC9100B04E3C /* Debug */ = {
			isa = XCBuildConfiguration;
			buildSettings = {
				ALWAYS_SEARCH_USER_PATHS = NO;
				CLANG_ANALYZER_NONNULL = YES;
				CLANG_ANALYZER_NUMBER_OBJECT_CONVERSION = YES_AGGRESSIVE;
				CLANG_CXX_LANGUAGE_STANDARD = "gnu++0x";
				CLANG_CXX_LIBRARY = "libc++";
				CLANG_ENABLE_MODULES = YES;
				CLANG_ENABLE_OBJC_ARC = YES;
				CLANG_WARN_BOOL_CONVERSION = YES;
				CLANG_WARN_CONSTANT_CONVERSION = YES;
				CLANG_WARN_DIRECT_OBJC_ISA_USAGE = YES_ERROR;
				CLANG_WARN_DOCUMENTATION_COMMENTS = YES;
				CLANG_WARN_EMPTY_BODY = YES;
				CLANG_WARN_ENUM_CONVERSION = YES;
				CLANG_WARN_INFINITE_RECURSION = YES;
				CLANG_WARN_INT_CONVERSION = YES;
				CLANG_WARN_OBJC_ROOT_CLASS = YES_ERROR;
				CLANG_WARN_SUSPICIOUS_MOVE = YES;
				CLANG_WARN_UNREACHABLE_CODE = YES;
				CLANG_WARN__DUPLICATE_METHOD_MATCH = YES;
				"CODE_SIGN_IDENTITY[sdk=iphoneos*]" = "iPhone Developer";
				COPY_PHASE_STRIP = NO;
				DEBUG_INFORMATION_FORMAT = dwarf;
				ENABLE_STRICT_OBJC_MSGSEND = YES;
				ENABLE_TESTABILITY = YES;
				GCC_C_LANGUAGE_STANDARD = gnu99;
				GCC_DYNAMIC_NO_PIC = NO;
				GCC_NO_COMMON_BLOCKS = YES;
				GCC_OPTIMIZATION_LEVEL = 0;
				GCC_PREPROCESSOR_DEFINITIONS = (
					"DEBUG=1",
					"$(inherited)",
				);
				GCC_WARN_64_TO_32_BIT_CONVERSION = YES;
				GCC_WARN_ABOUT_RETURN_TYPE = YES_ERROR;
				GCC_WARN_UNDECLARED_SELECTOR = YES;
				GCC_WARN_UNINITIALIZED_AUTOS = YES_AGGRESSIVE;
				GCC_WARN_UNUSED_FUNCTION = YES;
				GCC_WARN_UNUSED_VARIABLE = YES;
				IPHONEOS_DEPLOYMENT_TARGET = 10.3;
				MTL_ENABLE_DEBUG_INFO = YES;
				ONLY_ACTIVE_ARCH = YES;
				SDKROOT = iphoneos;
				SWIFT_ACTIVE_COMPILATION_CONDITIONS = DEBUG;
				SWIFT_OPTIMIZATION_LEVEL = "-Onone";
				TARGETED_DEVICE_FAMILY = "1,2";
			};
			name = Debug;
		};
		7878FB491F41EC9100B04E3C /* Release */ = {
			isa = XCBuildConfiguration;
			buildSettings = {
				ALWAYS_SEARCH_USER_PATHS = NO;
				CLANG_ANALYZER_NONNULL = YES;
				CLANG_ANALYZER_NUMBER_OBJECT_CONVERSION = YES_AGGRESSIVE;
				CLANG_CXX_LANGUAGE_STANDARD = "gnu++0x";
				CLANG_CXX_LIBRARY = "libc++";
				CLANG_ENABLE_MODULES = YES;
				CLANG_ENABLE_OBJC_ARC = YES;
				CLANG_WARN_BOOL_CONVERSION = YES;
				CLANG_WARN_CONSTANT_CONVERSION = YES;
				CLANG_WARN_DIRECT_OBJC_ISA_USAGE = YES_ERROR;
				CLANG_WARN_DOCUMENTATION_COMMENTS = YES;
				CLANG_WARN_EMPTY_BODY = YES;
				CLANG_WARN_ENUM_CONVERSION = YES;
				CLANG_WARN_INFINITE_RECURSION = YES;
				CLANG_WARN_INT_CONVERSION = YES;
				CLANG_WARN_OBJC_ROOT_CLASS = YES_ERROR;
				CLANG_WARN_SUSPICIOUS_MOVE = YES;
				CLANG_WARN_UNREACHABLE_CODE = YES;
				CLANG_WARN__DUPLICATE_METHOD_MATCH = YES;
				"CODE_SIGN_IDENTITY[sdk=iphoneos*]" = "iPhone Developer";
				COPY_PHASE_STRIP = NO;
				DEBUG_INFORMATION_FORMAT = "dwarf-with-dsym";
				ENABLE_NS_ASSERTIONS = NO;
				ENABLE_STRICT_OBJC_MSGSEND = YES;
				GCC_C_LANGUAGE_STANDARD = gnu99;
				GCC_NO_COMMON_BLOCKS = YES;
				GCC_WARN_64_TO_32_BIT_CONVERSION = YES;
				GCC_WARN_ABOUT_RETURN_TYPE = YES_ERROR;
				GCC_WARN_UNDECLARED_SELECTOR = YES;
				GCC_WARN_UNINITIALIZED_AUTOS = YES_AGGRESSIVE;
				GCC_WARN_UNUSED_FUNCTION = YES;
				GCC_WARN_UNUSED_VARIABLE = YES;
				IPHONEOS_DEPLOYMENT_TARGET = 10.3;
				MTL_ENABLE_DEBUG_INFO = NO;
				SDKROOT = iphoneos;
				SWIFT_OPTIMIZATION_LEVEL = "-Owholemodule";
				TARGETED_DEVICE_FAMILY = "1,2";
				VALIDATE_PRODUCT = YES;
			};
			name = Release;
		};
		7878FB4B1F41EC9100B04E3C /* Debug */ = {
			isa = XCBuildConfiguration;
			buildSettings = {
				ASSETCATALOG_COMPILER_APPICON_NAME = AppIcon;
				DEVELOPMENT_TEAM = R6BV4J7KB9;
				INFOPLIST_FILE = MyAffirmations/Info.plist;
				IPHONEOS_DEPLOYMENT_TARGET = 10.0;
				LD_RUNPATH_SEARCH_PATHS = "$(inherited) @executable_path/Frameworks";
				PRODUCT_BUNDLE_IDENTIFIER = com.kodeguide.MyAffirmations;
				PRODUCT_NAME = "$(TARGET_NAME)";
				SWIFT_VERSION = 3.0;
			};
			name = Debug;
		};
		7878FB4C1F41EC9100B04E3C /* Release */ = {
			isa = XCBuildConfiguration;
			buildSettings = {
				ASSETCATALOG_COMPILER_APPICON_NAME = AppIcon;
				DEVELOPMENT_TEAM = R6BV4J7KB9;
				INFOPLIST_FILE = MyAffirmations/Info.plist;
				IPHONEOS_DEPLOYMENT_TARGET = 10.0;
				LD_RUNPATH_SEARCH_PATHS = "$(inherited) @executable_path/Frameworks";
				PRODUCT_BUNDLE_IDENTIFIER = com.kodeguide.MyAffirmations;
				PRODUCT_NAME = "$(TARGET_NAME)";
				SWIFT_VERSION = 3.0;
			};
			name = Release;
		};
/* End XCBuildConfiguration section */

/* Begin XCConfigurationList section */
		7878FB301F41EC9100B04E3C /* Build configuration list for PBXProject "MyAffirmations" */ = {
			isa = XCConfigurationList;
			buildConfigurations = (
				7878FB481F41EC9100B04E3C /* Debug */,
				7878FB491F41EC9100B04E3C /* Release */,
			);
			defaultConfigurationIsVisible = 0;
			defaultConfigurationName = Release;
		};
		7878FB4A1F41EC9100B04E3C /* Build configuration list for PBXNativeTarget "MyAffirmations" */ = {
			isa = XCConfigurationList;
			buildConfigurations = (
				7878FB4B1F41EC9100B04E3C /* Debug */,
				7878FB4C1F41EC9100B04E3C /* Release */,
			);
			defaultConfigurationIsVisible = 0;
			defaultConfigurationName = Release;
		};
/* End XCConfigurationList section */

/* Begin XCVersionGroup section */
		7878FB3F1F41EC9100B04E3C /* MyAffirmations.xcdatamodeld */ = {
			isa = XCVersionGroup;
			children = (
				7878FB401F41EC9100B04E3C /* MyAffirmations.xcdatamodel */,
			);
			currentVersion = 7878FB401F41EC9100B04E3C /* MyAffirmations.xcdatamodel */;
			path = MyAffirmations.xcdatamodeld;
			sourceTree = "<group>";
			versionGroupType = wrapper.xcdatamodel;
		};
/* End XCVersionGroup section */
	};
	rootObject = 7878FB2D1F41EC9100B04E3C /* Project object */;
}
